Microsoft Visual Studio Solution File, Format Version 11.00
# Visual Studio 2008

Project("{E1993744-2FE0-F88E-6B1D-3A6A4A2C7822}") = "Snowboarder", "Assembly-CSharp-firstpass.csproj", "{3DBF1A29-3968-1349-1682-B9218ECAC27E}"
EndProject
Project("{E1993744-2FE0-F88E-6B1D-3A6A4A2C7822}") = "Snowboarder", "Assembly-CSharp.csproj", "{9C258541-CB01-F443-042B-BFDC00126EBA}"
EndProject
Project("{E1993744-2FE0-F88E-6B1D-3A6A4A2C7822}") = "Snowboarder", "Assembly-CSharp-Editor.csproj", "{FDF4A46F-A0A0-76CA-1EA2-A9F55DE46383}"
EndProject
Project("{E1993744-2FE0-F88E-6B1D-3A6A4A2C7822}") = "Snowboarder", "Assembly-UnityScript.unityproj", "{EAC26FC6-84EA-EC34-13CA-85FB790DF08E}"
EndProject
Project("{E1993744-2FE0-F88E-6B1D-3A6A4A2C7822}") = "Snowboarder", "Assembly-UnityScript-Editor.unityproj", "{571DCE8E-7C4E-A5AD-1FD6-C46594D08FAF}"
EndProject
Global
	GlobalSection(SolutionConfigurationPlatforms) = preSolution
		Debug|Any CPU = Debug|Any CPU
		Release|Any CPU = Release|Any CPU
	EndGlobalSection
	GlobalSection(ProjectConfigurationPlatforms) = postSolution
		{3DBF1A29-3968-1349-1682-B9218ECAC27E}.Debug|Any CPU.ActiveCfg = Debug|Any CPU
		{3DBF1A29-3968-1349-1682-B9218ECAC27E}.Debug|Any CPU.Build.0 = Debug|Any CPU
		{3DBF1A29-3968-1349-1682-B9218ECAC27E}.Release|Any CPU.ActiveCfg = Release|Any CPU
		{3DBF1A29-3968-1349-1682-B9218ECAC27E}.Release|Any CPU.Build.0 = Release|Any CPU
		{9C258541-CB01-F443-042B-BFDC00126EBA}.Debug|Any CPU.ActiveCfg = Debug|Any CPU
		{9C258541-CB01-F443-042B-BFDC00126EBA}.Debug|Any CPU.Build.0 = Debug|Any CPU
		{9C258541-CB01-F443-042B-BFDC00126EBA}.Release|Any CPU.ActiveCfg = Release|Any CPU
		{9C258541-CB01-F443-042B-BFDC00126EBA}.Release|Any CPU.Build.0 = Release|Any CPU
		{FDF4A46F-A0A0-76CA-1EA2-A9F55DE46383}.Debug|Any CPU.ActiveCfg = Debug|Any CPU
		{FDF4A46F-A0A0-76CA-1EA2-A9F55DE46383}.Debug|Any CPU.Build.0 = Debug|Any CPU
		{FDF4A46F-A0A0-76CA-1EA2-A9F55DE46383}.Release|Any CPU.ActiveCfg = Release|Any CPU
		{FDF4A46F-A0A0-76CA-1EA2-A9F55DE46383}.Release|Any CPU.Build.0 = Release|Any CPU
		{EAC26FC6-84EA-EC34-13CA-85FB790DF08E}.Debug|Any CPU.ActiveCfg = Debug|Any CPU
		{EAC26FC6-84EA-EC34-13CA-85FB790DF08E}.Debug|Any CPU.Build.0 = Debug|Any CPU
		{EAC26FC6-84EA-EC34-13CA-85FB790DF08E}.Release|Any CPU.ActiveCfg = Release|Any CPU
		{EAC26FC6-84EA-EC34-13CA-85FB790DF08E}.Release|Any CPU.Build.0 = Release|Any CPU
		{571DCE8E-7C4E-A5AD-1FD6-C46594D08FAF}.Debug|Any CPU.ActiveCfg = Debug|Any CPU
		{571DCE8E-7C4E-A5AD-1FD6-C46594D08FAF}.Debug|Any CPU.Build.0 = Debug|Any CPU
		{571DCE8E-7C4E-A5AD-1FD6-C46594D08FAF}.Release|Any CPU.ActiveCfg = Release|Any CPU
		{571DCE8E-7C4E-A5AD-1FD6-C46594D08FAF}.Release|Any CPU.Build.0 = Release|Any CPU
	EndGlobalSection
	GlobalSection(SolutionProperties) = preSolution
		HideSolutionNode = FALSE
	EndGlobalSection
																									GlobalSection(MonoDevelopProperties) = preSolution
		StartupItem = Assembly-CSharp.csproj
		Policies = $0
		$0.TextStylePolicy = $1
		$1.inheritsSet = null
		$1.scope = text/x-csharp
		$0.CSharpFormattingPolicy = $2
		$2.inheritsSet = Mono
		$2.inheritsScope = text/x-csharp
		$2.scope = text/x-csharp
		$0.TextStylePolicy = $3
		$3.FileWidth = 120
		$3.TabWidth = 4
		$3.EolMarker = Unix
		$3.inheritsSet = Mono
		$3.inheritsScope = text/plain
		$3.scope = text/plain
	EndGlobalSection

EndGlobal
